{
    "_readme": [
        "This file locks the dependencies of your project to a known state",
        "Read more about it at https://getcomposer.org/doc/01-basic-usage.md#installing-dependencies",
        "This file is @generated automatically"
    ],
    "content-hash": "60450ba216f7960ac6affb27ea52c145",
    "packages": [
        {
            "name": "guzzlehttp/promises",
            "version": "2.2.0",
            "source": {
                "type": "git",
                "url": "https://github.com/guzzle/promises.git",
                "reference": "7c69f28996b0a6920945dd20b3857e499d9ca96c"
            },
            "dist": {
                "type": "zip",
                "url": "https://api.github.com/repos/guzzle/promises/zipball/7c69f28996b0a6920945dd20b3857e499d9ca96c",
                "reference": "7c69f28996b0a6920945dd20b3857e499d9ca96c",
                "shasum": ""
            },
            "require": {
                "php": "^7.2.5 || ^8.0"
            },
            "require-dev": {
                "bamarni/composer-bin-plugin": "^1.8.2",
                "phpunit/phpunit": "^8.5.39 || ^9.6.20"
            },
            "type": "library",
            "extra": {
                "bamarni-bin": {
                    "bin-links": true,
                    "forward-command": false
                }
            },
            "autoload": {
                "psr-4": {
                    "GuzzleHttp\\Promise\\": "src/"
                }
            },
            "notification-url": "https://packagist.org/downloads/",
            "license": [
                "MIT"
            ],
            "authors": [
                {
                    "name": "Graham Campbell",
                    "email": "hello@gjcampbell.co.uk",
                    "homepage": "https://github.com/GrahamCampbell"
                },
                {
                    "name": "Michael Dowling",
                    "email": "mtdowling@gmail.com",
                    "homepage": "https://github.com/mtdowling"
                },
                {
                    "name": "Tobias Nyholm",
                    "email": "tobias.nyholm@gmail.com",
                    "homepage": "https://github.com/Nyholm"
                },
                {
                    "name": "Tobias Schultze",
                    "email": "webmaster@tubo-world.de",
                    "homepage": "https://github.com/Tobion"
                }
            ],
            "description": "Guzzle promises library",
            "keywords": [
                "promise"
            ],
            "support": {
                "issues": "https://github.com/guzzle/promises/issues",
                "source": "https://github.com/guzzle/promises/tree/2.2.0"
            },
            "funding": [
                {
                    "url": "https://github.com/GrahamCampbell",
                    "type": "github"
                },
                {
                    "url": "https://github.com/Nyholm",
                    "type": "github"
                },
                {
                    "url": "https://tidelift.com/funding/github/packagist/guzzlehttp/promises",
                    "type": "tidelift"
                }
            ],
            "time": "2025-03-27T13:27:01+00:00"
        },
        {
            "name": "nette/php-generator",
            "version": "v4.1.8",
            "source": {
                "type": "git",
                "url": "https://github.com/nette/php-generator.git",
                "reference": "42806049a7774a2bd316c958f5dcf01c6b5c56fa"
            },
            "dist": {
                "type": "zip",
                "url": "https://api.github.com/repos/nette/php-generator/zipball/42806049a7774a2bd316c958f5dcf01c6b5c56fa",
                "reference": "42806049a7774a2bd316c958f5dcf01c6b5c56fa",
                "shasum": ""
            },
            "require": {
                "nette/utils": "^3.2.9 || ^4.0",
                "php": "8.0 - 8.4"
            },
            "require-dev": {
                "jetbrains/phpstorm-attributes": "dev-master",
                "nette/tester": "^2.4",
                "nikic/php-parser": "^4.18 || ^5.0",
                "phpstan/phpstan": "^1.0",
                "tracy/tracy": "^2.8"
            },
            "suggest": {
                "nikic/php-parser": "to use ClassType::from(withBodies: true) & ClassType::fromCode()"
            },
            "type": "library",
            "extra": {
                "branch-alias": {
                    "dev-master": "4.1-dev"
                }
            },
            "autoload": {
                "classmap": [
                    "src/"
                ]
            },
            "notification-url": "https://packagist.org/downloads/",
            "license": [
                "BSD-3-Clause",
                "GPL-2.0-only",
                "GPL-3.0-only"
            ],
            "authors": [
                {
                    "name": "David Grudl",
                    "homepage": "https://davidgrudl.com"
                },
                {
                    "name": "Nette Community",
                    "homepage": "https://nette.org/contributors"
                }
            ],
            "description": "🐘 Nette PHP Generator: generates neat PHP code for you. Supports new PHP 8.4 features.",
            "homepage": "https://nette.org",
            "keywords": [
                "code",
                "nette",
                "php",
                "scaffolding"
            ],
            "support": {
                "issues": "https://github.com/nette/php-generator/issues",
                "source": "https://github.com/nette/php-generator/tree/v4.1.8"
            },
            "time": "2025-03-31T00:29:29+00:00"
        },
        {
            "name": "nette/utils",
            "version": "v4.0.6",
            "source": {
                "type": "git",
                "url": "https://github.com/nette/utils.git",
                "reference": "ce708655043c7050eb050df361c5e313cf708309"
            },
            "dist": {
                "type": "zip",
                "url": "https://api.github.com/repos/nette/utils/zipball/ce708655043c7050eb050df361c5e313cf708309",
                "reference": "ce708655043c7050eb050df361c5e313cf708309",
                "shasum": ""
            },
            "require": {
                "php": "8.0 - 8.4"
            },
            "conflict": {
                "nette/finder": "<3",
                "nette/schema": "<1.2.2"
            },
            "require-dev": {
                "jetbrains/phpstorm-attributes": "dev-master",
                "nette/tester": "^2.5",
                "phpstan/phpstan": "^1.0",
                "tracy/tracy": "^2.9"
            },
            "suggest": {
                "ext-gd": "to use Image",
                "ext-iconv": "to use Strings::webalize(), toAscii(), chr() and reverse()",
                "ext-intl": "to use Strings::webalize(), toAscii(), normalize() and compare()",
                "ext-json": "to use Nette\\Utils\\Json",
                "ext-mbstring": "to use Strings::lower() etc...",
                "ext-tokenizer": "to use Nette\\Utils\\Reflection::getUseStatements()"
            },
            "type": "library",
            "extra": {
                "branch-alias": {
                    "dev-master": "4.0-dev"
                }
            },
            "autoload": {
                "classmap": [
                    "src/"
                ]
            },
            "notification-url": "https://packagist.org/downloads/",
            "license": [
                "BSD-3-Clause",
                "GPL-2.0-only",
                "GPL-3.0-only"
            ],
            "authors": [
                {
                    "name": "David Grudl",
                    "homepage": "https://davidgrudl.com"
                },
                {
                    "name": "Nette Community",
                    "homepage": "https://nette.org/contributors"
                }
            ],
            "description": "🛠  Nette Utils: lightweight utilities for string & array manipulation, image handling, safe JSON encoding/decoding, validation, slug or strong password generating etc.",
            "homepage": "https://nette.org",
            "keywords": [
                "array",
                "core",
                "datetime",
                "images",
                "json",
                "nette",
                "paginator",
                "password",
                "slugify",
                "string",
                "unicode",
                "utf-8",
                "utility",
                "validation"
            ],
            "support": {
                "issues": "https://github.com/nette/utils/issues",
                "source": "https://github.com/nette/utils/tree/v4.0.6"
            },
            "time": "2025-03-30T21:06:30+00:00"
        },
        {
            "name": "vojtech-dobes/php-grammar-processing",
            "version": "dev-master",
            "source": {
                "type": "git",
                "url": "https://github.com/vojtech-dobes/php-grammar-processing.git",
                "reference": "5999e3d4fbdefa7313573879ad70059119ddcd46"
            },
            "dist": {
                "type": "zip",
                "url": "https://api.github.com/repos/vojtech-dobes/php-grammar-processing/zipball/5999e3d4fbdefa7313573879ad70059119ddcd46",
                "reference": "5999e3d4fbdefa7313573879ad70059119ddcd46",
                "shasum": ""
            },
            "require": {
                "ext-pcre": "*",
                "php": "~8.4"
            },
            "require-dev": {
                "nette/tester": "~2.5.0",
                "phpstan/phpstan": "~2.1.0",
                "spaze/phpstan-disallowed-calls": "~4.4.0"
            },
            "default-branch": true,
            "type": "library",
            "autoload": {
                "psr-4": {
                    "Vojtechdobes\\GrammarProcessing\\": "src/GrammarProcessing"
                }
            },
            "notification-url": "https://packagist.org/downloads/",
            "license": [
                "BSD-3-Clause"
            ],
            "authors": [
                {
                    "name": "Vojtěch Dobeš",
                    "homepage": "https://vojtechdobes.com"
                }
            ],
            "description": "Library for tokenization, abstract syntax tree parsing & interpretation",
            "keywords": [
                "ast",
                "context-free",
                "grammar",
                "language",
                "lexer",
                "parser",
                "syntax",
                "token"
            ],
            "support": {
                "source": "https://github.com/vojtech-dobes/php-grammar-processing/tree/master"
            },
            "time": "2025-03-28T15:36:26+00:00"
        }
    ],
    "packages-dev": [
        {
            "name": "jiripudil/phpstan-sealed-classes",
            "version": "1.3.0",
            "source": {
                "type": "git",
                "url": "https://github.com/jiripudil/phpstan-sealed-classes.git",
                "reference": "586d0fb3ee0be299b33c18fe4aa7970a05f1deb7"
            },
            "dist": {
                "type": "zip",
                "url": "https://api.github.com/repos/jiripudil/phpstan-sealed-classes/zipball/586d0fb3ee0be299b33c18fe4aa7970a05f1deb7",
                "reference": "586d0fb3ee0be299b33c18fe4aa7970a05f1deb7",
                "shasum": ""
            },
            "require": {
                "php": "^8.1",
                "phpstan/phpstan": "^2.0"
            },
            "require-dev": {
                "php-parallel-lint/php-parallel-lint": "^1.4",
                "phpstan/extension-installer": "^1.4",
                "phpstan/phpstan-deprecation-rules": "^2.0",
                "phpstan/phpstan-phpunit": "^2.0",
                "phpstan/phpstan-strict-rules": "^2.0",
                "phpunit/phpunit": "^10.5 || ^11.4"
            },
            "type": "phpstan-extension",
            "extra": {
                "phpstan": {
                    "includes": [
                        "extension.neon"
                    ]
                }
            },
            "autoload": {
                "psr-4": {
                    "JiriPudil\\SealedClasses\\": "src/"
                }
            },
            "notification-url": "https://packagist.org/downloads/",
            "license": [
                "MIT"
            ],
            "authors": [
                {
                    "name": "Jiří Pudil",
                    "email": "me@jiripudil.cz",
                    "homepage": "https://jiripudil.cz"
                }
            ],
            "description": "Sealed classes support for PHPStan.",
            "keywords": [
                "PHPStan",
                "sealed class",
                "static analysis"
            ],
            "support": {
                "issues": "https://github.com/jiripudil/phpstan-sealed-classes/issues",
                "source": "https://github.com/jiripudil/phpstan-sealed-classes/tree/1.3.0"
            },
            "funding": [
                {
                    "url": "https://github.com/jiripudil",
                    "type": "github"
                }
            ],
            "time": "2024-11-11T09:04:38+00:00"
        },
        {
            "name": "nette/tester",
            "version": "v2.5.4",
            "source": {
                "type": "git",
                "url": "https://github.com/nette/tester.git",
                "reference": "c11863785779e87b40adebf150364f2e5938c111"
            },
            "dist": {
                "type": "zip",
                "url": "https://api.github.com/repos/nette/tester/zipball/c11863785779e87b40adebf150364f2e5938c111",
                "reference": "c11863785779e87b40adebf150364f2e5938c111",
                "shasum": ""
            },
            "require": {
                "php": "8.0 - 8.4"
            },
            "require-dev": {
                "ext-simplexml": "*",
                "phpstan/phpstan": "^1.0"
            },
            "bin": [
                "src/tester"
            ],
            "type": "library",
            "extra": {
                "branch-alias": {
                    "dev-master": "2.5-dev"
                }
            },
            "autoload": {
                "classmap": [
                    "src/"
                ]
            },
            "notification-url": "https://packagist.org/downloads/",
            "license": [
                "BSD-3-Clause",
                "GPL-2.0-only",
                "GPL-3.0-only"
            ],
            "authors": [
                {
                    "name": "David Grudl",
                    "homepage": "https://davidgrudl.com"
                },
                {
                    "name": "Miloslav Hůla",
                    "homepage": "https://github.com/milo"
                },
                {
                    "name": "Nette Community",
                    "homepage": "https://nette.org/contributors"
                }
            ],
            "description": "Nette Tester: enjoyable unit testing in PHP with code coverage reporter. 🍏🍏🍎🍏",
            "homepage": "https://tester.nette.org",
            "keywords": [
                "Xdebug",
                "assertions",
                "clover",
                "code coverage",
                "nette",
                "pcov",
                "phpdbg",
                "phpunit",
                "testing",
                "unit"
            ],
            "support": {
                "issues": "https://github.com/nette/tester/issues",
                "source": "https://github.com/nette/tester/tree/v2.5.4"
            },
            "time": "2024-10-23T23:57:10+00:00"
        },
        {
            "name": "phpstan/phpstan",
            "version": "2.1.12",
            "source": {
                "type": "git",
                "url": "https://github.com/phpstan/phpstan.git",
                "reference": "96dde49e967c0c22812bcfa7bda4ff82c09f3b0c"
            },
            "dist": {
                "type": "zip",
                "url": "https://api.github.com/repos/phpstan/phpstan/zipball/96dde49e967c0c22812bcfa7bda4ff82c09f3b0c",
                "reference": "96dde49e967c0c22812bcfa7bda4ff82c09f3b0c",
                "shasum": ""
            },
            "require": {
                "php": "^7.4|^8.0"
            },
            "conflict": {
                "phpstan/phpstan-shim": "*"
            },
            "bin": [
                "phpstan",
                "phpstan.phar"
            ],
            "type": "library",
            "autoload": {
                "files": [
                    "bootstrap.php"
                ]
            },
            "notification-url": "https://packagist.org/downloads/",
            "license": [
                "MIT"
            ],
            "description": "PHPStan - PHP Static Analysis Tool",
            "keywords": [
                "dev",
                "static analysis"
            ],
            "support": {
                "docs": "https://phpstan.org/user-guide/getting-started",
                "forum": "https://github.com/phpstan/phpstan/discussions",
                "issues": "https://github.com/phpstan/phpstan/issues",
                "security": "https://github.com/phpstan/phpstan/security/policy",
                "source": "https://github.com/phpstan/phpstan-src"
            },
            "funding": [
                {
                    "url": "https://github.com/ondrejmirtes",
                    "type": "github"
                },
                {
                    "url": "https://github.com/phpstan",
                    "type": "github"
                }
            ],
            "time": "2025-04-16T13:19:18+00:00"
        },
        {
            "name": "psr/log",
            "version": "3.0.2",
            "source": {
                "type": "git",
                "url": "https://github.com/php-fig/log.git",
                "reference": "f16e1d5863e37f8d8c2a01719f5b34baa2b714d3"
            },
            "dist": {
                "type": "zip",
                "url": "https://api.github.com/repos/php-fig/log/zipball/f16e1d5863e37f8d8c2a01719f5b34baa2b714d3",
                "reference": "f16e1d5863e37f8d8c2a01719f5b34baa2b714d3",
                "shasum": ""
            },
            "require": {
                "php": ">=8.0.0"
            },
            "type": "library",
            "extra": {
                "branch-alias": {
                    "dev-master": "3.x-dev"
                }
            },
            "autoload": {
                "psr-4": {
                    "Psr\\Log\\": "src"
                }
            },
            "notification-url": "https://packagist.org/downloads/",
            "license": [
                "MIT"
            ],
            "authors": [
                {
                    "name": "PHP-FIG",
                    "homepage": "https://www.php-fig.org/"
                }
            ],
            "description": "Common interface for logging libraries",
            "homepage": "https://github.com/php-fig/log",
            "keywords": [
                "log",
                "psr",
                "psr-3"
            ],
            "support": {
                "source": "https://github.com/php-fig/log/tree/3.0.2"
            },
            "time": "2024-09-11T13:17:53+00:00"
        },
        {
            "name": "spaze/phpstan-disallowed-calls",
            "version": "v4.5.0",
            "source": {
                "type": "git",
                "url": "https://github.com/spaze/phpstan-disallowed-calls.git",
                "reference": "1c5e6996bd75a1460f5e2683fc4294665b37bee2"
            },
            "dist": {
                "type": "zip",
                "url": "https://api.github.com/repos/spaze/phpstan-disallowed-calls/zipball/1c5e6996bd75a1460f5e2683fc4294665b37bee2",
                "reference": "1c5e6996bd75a1460f5e2683fc4294665b37bee2",
                "shasum": ""
            },
            "require": {
                "php": "^7.4 || ^8.0",
                "phpstan/phpstan": "^1.12.6 || ^2.0"
            },
            "require-dev": {
                "nette/neon": "^3.3.1",
                "nikic/php-parser": "^4.13.2 || ^5.0",
                "php-parallel-lint/php-console-highlighter": "^1.0",
                "php-parallel-lint/php-parallel-lint": "^1.2",
                "phpstan/phpstan-deprecation-rules": "^1.2 || ^2.0",
                "phpunit/phpunit": "^8.5.14 || ^10.1 || ^11.0 || ^12.0",
                "spaze/coding-standard": "^1.8"
            },
            "type": "phpstan-extension",
            "extra": {
                "phpstan": {
                    "includes": [
                        "extension.neon"
                    ]
                }
            },
            "autoload": {
                "psr-4": {
                    "Spaze\\PHPStan\\Rules\\Disallowed\\": "src"
                }
            },
            "notification-url": "https://packagist.org/downloads/",
            "license": [
                "MIT"
            ],
            "authors": [
                {
                    "name": "Michal Špaček",
                    "email": "mail@michalspacek.cz",
                    "homepage": "https://www.michalspacek.cz"
                }
            ],
            "description": "PHPStan rules to detect disallowed method & function calls, constant, namespace, attribute & superglobal usages, with powerful rules to re-allow a call or a usage in places where it should be allowed.",
            "keywords": [
                "static analysis"
            ],
            "support": {
                "issues": "https://github.com/spaze/phpstan-disallowed-calls/issues",
                "source": "https://github.com/spaze/phpstan-disallowed-calls/tree/v4.5.0"
            },
            "funding": [
                {
                    "url": "https://github.com/spaze",
                    "type": "github"
                }
            ],
            "time": "2025-04-10T19:01:43+00:00"
        },
        {
            "name": "tracy/tracy",
            "version": "v2.10.9",
            "source": {
                "type": "git",
                "url": "https://github.com/nette/tracy.git",
                "reference": "e7af75205b184ca8895bc57fafd331f8d5022d26"
            },
            "dist": {
                "type": "zip",
                "url": "https://api.github.com/repos/nette/tracy/zipball/e7af75205b184ca8895bc57fafd331f8d5022d26",
                "reference": "e7af75205b184ca8895bc57fafd331f8d5022d26",
                "shasum": ""
            },
            "require": {
                "ext-json": "*",
                "ext-session": "*",
                "php": "8.0 - 8.4"
            },
            "conflict": {
                "nette/di": "<3.0"
            },
            "require-dev": {
                "latte/latte": "^2.5 || ^3.0",
                "nette/di": "^3.0",
                "nette/http": "^3.0",
                "nette/mail": "^3.0 || ^4.0",
                "nette/tester": "^2.2",
                "nette/utils": "^3.0 || ^4.0",
                "phpstan/phpstan": "^1.0",
                "psr/log": "^1.0 || ^2.0 || ^3.0"
            },
            "type": "library",
            "extra": {
                "branch-alias": {
                    "dev-master": "2.10-dev"
                }
            },
            "autoload": {
                "files": [
                    "src/Tracy/functions.php"
                ],
                "classmap": [
                    "src"
                ]
            },
            "notification-url": "https://packagist.org/downloads/",
            "license": [
                "BSD-3-Clause"
            ],
            "authors": [
                {
                    "name": "David Grudl",
                    "homepage": "https://davidgrudl.com"
                },
                {
                    "name": "Nette Community",
                    "homepage": "https://nette.org/contributors"
                }
            ],
            "description": "😎  Tracy: the addictive tool to ease debugging PHP code for cool developers. Friendly design, logging, profiler, advanced features like debugging AJAX calls or CLI support. You will love it.",
            "homepage": "https://tracy.nette.org",
            "keywords": [
                "Xdebug",
                "debug",
                "debugger",
                "nette",
                "profiler"
            ],
            "support": {
                "issues": "https://github.com/nette/tracy/issues",
                "source": "https://github.com/nette/tracy/tree/v2.10.9"
            },
            "time": "2024-11-07T14:48:00+00:00"
        }
    ],
    "aliases": [],
    "minimum-stability": "stable",
    "stability-flags": {
        "vojtech-dobes/php-grammar-processing": 20
    },
    "prefer-stable": false,
    "prefer-lowest": false,
    "platform": {
        "php": "~8.4",
        "ext-pcre": "*"
    },
    "platform-dev": {},
    "plugin-api-version": "2.6.0"
}
